
Microsoft Visual Studio Solution File, Format Version 12.00
# Visual Studio Version 16
VisualStudioVersion = 16.0.29709.97
MinimumVisualStudioVersion = 10.0.40219.1
Project("{9A19103F-16F7-4668-BE54-9A1E7A4F7556}") = "BlazorCanvas.Example1", "BlazorCanvas.Example1\BlazorCanvas.Example1.csproj", "{68171C5E-9514-413A-9474-8D6E6D0A217A}"
EndProject
Project("{9A19103F-16F7-4668-BE54-9A1E7A4F7556}") = "BlazorCanvas.Example2", "BlazorCanvas.Example2\BlazorCanvas.Example2.csproj", "{BAB29918-1756-4FF0-A01E-4478FFC204AF}"
EndProject
Global
	GlobalSection(SolutionConfigurationPlatforms) = preSolution
		Debug|Any CPU = Debug|Any CPU
		Release|Any CPU = Release|Any CPU
	EndGlobalSection
	GlobalSection(ProjectConfigurationPlatforms) = postSolution
		{68171C5E-9514-413A-9474-8D6E6D0A217A}.Debug|Any CPU.ActiveCfg = Debug|Any CPU
		{68171C5E-9514-413A-9474-8D6E6D0A217A}.Debug|Any CPU.Build.0 = Debug|Any CPU
		{68171C5E-9514-413A-9474-8D6E6D0A217A}.Release|Any CPU.ActiveCfg = Release|Any CPU
		{68171C5E-9514-413A-9474-8D6E6D0A217A}.Release|Any CPU.Build.0 = Release|Any CPU
		{BAB29918-1756-4FF0-A01E-4478FFC204AF}.Debug|Any CPU.ActiveCfg = Debug|Any CPU
		{BAB29918-1756-4FF0-A01E-4478FFC204AF}.Debug|Any CPU.Build.0 = Debug|Any CPU
		{BAB29918-1756-4FF0-A01E-4478FFC204AF}.Release|Any CPU.ActiveCfg = Release|Any CPU
		{BAB29918-1756-4FF0-A01E-4478FFC204AF}.Release|Any CPU.Build.0 = Release|Any CPU
	EndGlobalSection
	GlobalSection(SolutionProperties) = preSolution
		HideSolutionNode = FALSE
	EndGlobalSection
	GlobalSection(ExtensibilityGlobals) = postSolution
		SolutionGuid = {9C816B63-9FFB-4C94-8F95-F59B7F955936}
	EndGlobalSection
EndGlobal
