
Microsoft Visual Studio Solution File, Format Version 12.00
# Visual Studio Version 16
VisualStudioVersion = 16.0.29709.97
MinimumVisualStudioVersion = 10.0.40219.1
Project("{9A19103F-16F7-4668-BE54-9A1E7A4F7556}") = "BlazorCanvas.Example1", "BlazorCanvas.Example1\BlazorCanvas.Example1.csproj", "{68171C5E-9514-413A-9474-8D6E6D0A217A}"
EndProject
Project("{9A19103F-16F7-4668-BE54-9A1E7A4F7556}") = "BlazorCanvas.Example2", "BlazorCanvas.Example2\BlazorCanvas.Example2.csproj", "{BAB29918-1756-4FF0-A01E-4478FFC204AF}"
EndProject
Project("{9A19103F-16F7-4668-BE54-9A1E7A4F7556}") = "BlazorCanvas.Example3", "BlazorCanvas.Example3\BlazorCanvas.Example3.csproj", "{871605E4-652D-4934-901B-210CA9794F90}"
EndProject
Project("{9A19103F-16F7-4668-BE54-9A1E7A4F7556}") = "BlazorCanvas.Example4", "BlazorCanvas.Example4\BlazorCanvas.Example4.csproj", "{3D33B016-2333-4A80-B9BE-1EEAA4A182D5}"
EndProject
Project("{9A19103F-16F7-4668-BE54-9A1E7A4F7556}") = "BlazorCanvas.Example5", "BlazorCanvas.Example5\BlazorCanvas.Example5.csproj", "{49A3CC66-2BB6-49D0-A84C-EDFF47CB6931}"
EndProject
Project("{9A19103F-16F7-4668-BE54-9A1E7A4F7556}") = "BlazorCanvas.Example6", "BlazorCanvas.Example6\BlazorCanvas.Example6.csproj", "{8B6E214F-FF2C-470B-B396-0323A7AAE416}"
EndProject
Project("{9A19103F-16F7-4668-BE54-9A1E7A4F7556}") = "BlazorCanvas.Example7", "BlazorCanvas.Example7\BlazorCanvas.Example7.csproj", "{85D00DB7-490E-486A-96E9-870BC6329F7D}"
EndProject
Project("{9A19103F-16F7-4668-BE54-9A1E7A4F7556}") = "BlazorCanvas.Example8", "BlazorCanvas.Example8\BlazorCanvas.Example8.csproj", "{FE2D2F09-EA94-4CD6-A0FA-B1E91C8D1498}"
EndProject
Project("{9A19103F-16F7-4668-BE54-9A1E7A4F7556}") = "BlazorCanvas.Example9", "BlazorCanvas.Example9\BlazorCanvas.Example9.csproj", "{447EE05E-E032-402C-BDF8-538BE91024AD}"
EndProject
Project("{9A19103F-16F7-4668-BE54-9A1E7A4F7556}") = "BlazorCanvas.Example10", "BlazorCanvas.Example10\BlazorCanvas.Example10.csproj", "{216A0954-C61E-4310-A120-8742F9126B12}"
EndProject
Project("{2150E333-8FDC-42A3-9474-1A3956D46DE8}") = "BlazorCanvas.Example11", "BlazorCanvas.Example11", "{EB02EDFC-5DC3-46DE-8468-37A69DFBF6EC}"
EndProject
Project("{9A19103F-16F7-4668-BE54-9A1E7A4F7556}") = "BlazorCanvas.Example11.Core", "BlazorCanvas.Example11.Core\BlazorCanvas.Example11.Core.csproj", "{67BA2006-9E23-4317-AB44-B41D93DFCF77}"
EndProject
Project("{9A19103F-16F7-4668-BE54-9A1E7A4F7556}") = "BlazorCanvas.Example11", "BlazorCanvas.Example11\BlazorCanvas.Example11.csproj", "{5FDF18A1-1630-49A8-A98E-64735677C9C5}"
EndProject
Global
	GlobalSection(SolutionConfigurationPlatforms) = preSolution
		Debug|Any CPU = Debug|Any CPU
		Release|Any CPU = Release|Any CPU
	EndGlobalSection
	GlobalSection(ProjectConfigurationPlatforms) = postSolution
		{68171C5E-9514-413A-9474-8D6E6D0A217A}.Debug|Any CPU.ActiveCfg = Debug|Any CPU
		{68171C5E-9514-413A-9474-8D6E6D0A217A}.Debug|Any CPU.Build.0 = Debug|Any CPU
		{68171C5E-9514-413A-9474-8D6E6D0A217A}.Release|Any CPU.ActiveCfg = Release|Any CPU
		{68171C5E-9514-413A-9474-8D6E6D0A217A}.Release|Any CPU.Build.0 = Release|Any CPU
		{BAB29918-1756-4FF0-A01E-4478FFC204AF}.Debug|Any CPU.ActiveCfg = Debug|Any CPU
		{BAB29918-1756-4FF0-A01E-4478FFC204AF}.Debug|Any CPU.Build.0 = Debug|Any CPU
		{BAB29918-1756-4FF0-A01E-4478FFC204AF}.Release|Any CPU.ActiveCfg = Release|Any CPU
		{BAB29918-1756-4FF0-A01E-4478FFC204AF}.Release|Any CPU.Build.0 = Release|Any CPU
		{871605E4-652D-4934-901B-210CA9794F90}.Debug|Any CPU.ActiveCfg = Debug|Any CPU
		{871605E4-652D-4934-901B-210CA9794F90}.Debug|Any CPU.Build.0 = Debug|Any CPU
		{871605E4-652D-4934-901B-210CA9794F90}.Release|Any CPU.ActiveCfg = Release|Any CPU
		{871605E4-652D-4934-901B-210CA9794F90}.Release|Any CPU.Build.0 = Release|Any CPU
		{3D33B016-2333-4A80-B9BE-1EEAA4A182D5}.Debug|Any CPU.ActiveCfg = Debug|Any CPU
		{3D33B016-2333-4A80-B9BE-1EEAA4A182D5}.Debug|Any CPU.Build.0 = Debug|Any CPU
		{3D33B016-2333-4A80-B9BE-1EEAA4A182D5}.Release|Any CPU.ActiveCfg = Release|Any CPU
		{3D33B016-2333-4A80-B9BE-1EEAA4A182D5}.Release|Any CPU.Build.0 = Release|Any CPU
		{49A3CC66-2BB6-49D0-A84C-EDFF47CB6931}.Debug|Any CPU.ActiveCfg = Debug|Any CPU
		{49A3CC66-2BB6-49D0-A84C-EDFF47CB6931}.Debug|Any CPU.Build.0 = Debug|Any CPU
		{49A3CC66-2BB6-49D0-A84C-EDFF47CB6931}.Release|Any CPU.ActiveCfg = Release|Any CPU
		{49A3CC66-2BB6-49D0-A84C-EDFF47CB6931}.Release|Any CPU.Build.0 = Release|Any CPU
		{8B6E214F-FF2C-470B-B396-0323A7AAE416}.Debug|Any CPU.ActiveCfg = Debug|Any CPU
		{8B6E214F-FF2C-470B-B396-0323A7AAE416}.Debug|Any CPU.Build.0 = Debug|Any CPU
		{8B6E214F-FF2C-470B-B396-0323A7AAE416}.Release|Any CPU.ActiveCfg = Release|Any CPU
		{8B6E214F-FF2C-470B-B396-0323A7AAE416}.Release|Any CPU.Build.0 = Release|Any CPU
		{85D00DB7-490E-486A-96E9-870BC6329F7D}.Debug|Any CPU.ActiveCfg = Debug|Any CPU
		{85D00DB7-490E-486A-96E9-870BC6329F7D}.Debug|Any CPU.Build.0 = Debug|Any CPU
		{85D00DB7-490E-486A-96E9-870BC6329F7D}.Release|Any CPU.ActiveCfg = Release|Any CPU
		{85D00DB7-490E-486A-96E9-870BC6329F7D}.Release|Any CPU.Build.0 = Release|Any CPU
		{FE2D2F09-EA94-4CD6-A0FA-B1E91C8D1498}.Debug|Any CPU.ActiveCfg = Debug|Any CPU
		{FE2D2F09-EA94-4CD6-A0FA-B1E91C8D1498}.Debug|Any CPU.Build.0 = Debug|Any CPU
		{FE2D2F09-EA94-4CD6-A0FA-B1E91C8D1498}.Release|Any CPU.ActiveCfg = Release|Any CPU
		{FE2D2F09-EA94-4CD6-A0FA-B1E91C8D1498}.Release|Any CPU.Build.0 = Release|Any CPU
		{447EE05E-E032-402C-BDF8-538BE91024AD}.Debug|Any CPU.ActiveCfg = Debug|Any CPU
		{447EE05E-E032-402C-BDF8-538BE91024AD}.Debug|Any CPU.Build.0 = Debug|Any CPU
		{447EE05E-E032-402C-BDF8-538BE91024AD}.Release|Any CPU.ActiveCfg = Release|Any CPU
		{447EE05E-E032-402C-BDF8-538BE91024AD}.Release|Any CPU.Build.0 = Release|Any CPU
		{216A0954-C61E-4310-A120-8742F9126B12}.Debug|Any CPU.ActiveCfg = Debug|Any CPU
		{216A0954-C61E-4310-A120-8742F9126B12}.Debug|Any CPU.Build.0 = Debug|Any CPU
		{216A0954-C61E-4310-A120-8742F9126B12}.Release|Any CPU.ActiveCfg = Release|Any CPU
		{216A0954-C61E-4310-A120-8742F9126B12}.Release|Any CPU.Build.0 = Release|Any CPU
		{67BA2006-9E23-4317-AB44-B41D93DFCF77}.Debug|Any CPU.ActiveCfg = Debug|Any CPU
		{67BA2006-9E23-4317-AB44-B41D93DFCF77}.Debug|Any CPU.Build.0 = Debug|Any CPU
		{67BA2006-9E23-4317-AB44-B41D93DFCF77}.Release|Any CPU.ActiveCfg = Release|Any CPU
		{67BA2006-9E23-4317-AB44-B41D93DFCF77}.Release|Any CPU.Build.0 = Release|Any CPU
		{5FDF18A1-1630-49A8-A98E-64735677C9C5}.Debug|Any CPU.ActiveCfg = Debug|Any CPU
		{5FDF18A1-1630-49A8-A98E-64735677C9C5}.Debug|Any CPU.Build.0 = Debug|Any CPU
		{5FDF18A1-1630-49A8-A98E-64735677C9C5}.Release|Any CPU.ActiveCfg = Release|Any CPU
		{5FDF18A1-1630-49A8-A98E-64735677C9C5}.Release|Any CPU.Build.0 = Release|Any CPU
	EndGlobalSection
	GlobalSection(SolutionProperties) = preSolution
		HideSolutionNode = FALSE
	EndGlobalSection
	GlobalSection(NestedProjects) = preSolution
		{67BA2006-9E23-4317-AB44-B41D93DFCF77} = {EB02EDFC-5DC3-46DE-8468-37A69DFBF6EC}
		{5FDF18A1-1630-49A8-A98E-64735677C9C5} = {EB02EDFC-5DC3-46DE-8468-37A69DFBF6EC}
	EndGlobalSection
	GlobalSection(ExtensibilityGlobals) = postSolution
		SolutionGuid = {9C816B63-9FFB-4C94-8F95-F59B7F955936}
	EndGlobalSection
EndGlobal
